
Microsoft Visual Studio Solution File, Format Version 12.00
# Visual Studio 15
VisualStudioVersion = 15.0.33026.149
MinimumVisualStudioVersion = 10.0.40219.1
Project("{FAE04EC0-301F-11D3-BF4B-00C04F79EFBC}") = "ProjectGFBack", "ProjectGFBack\ProjectGFBack.csproj", "{837E84F2-BEC9-4629-AB83-DAF5DD04C826}"
EndProject
Global
	GlobalSection(SolutionConfigurationPlatforms) = preSolution
		Debug|Any CPU = Debug|Any CPU
		Release|Any CPU = Release|Any CPU
	EndGlobalSection
	GlobalSection(ProjectConfigurationPlatforms) = postSolution
		{837E84F2-BEC9-4629-AB83-DAF5DD04C826}.Debug|Any CPU.ActiveCfg = Debug|Any CPU
		{837E84F2-BEC9-4629-AB83-DAF5DD04C826}.Debug|Any CPU.Build.0 = Debug|Any CPU
		{837E84F2-BEC9-4629-AB83-DAF5DD04C826}.Release|Any CPU.ActiveCfg = Release|Any CPU
		{837E84F2-BEC9-4629-AB83-DAF5DD04C826}.Release|Any CPU.Build.0 = Release|Any CPU
	EndGlobalSection
	GlobalSection(SolutionProperties) = preSolution
		HideSolutionNode = FALSE
	EndGlobalSection
	GlobalSection(ExtensibilityGlobals) = postSolution
		SolutionGuid = {3A8867A9-8C69-4573-A1F3-0FE8856993C3}
	EndGlobalSection
EndGlobal
